lockfileVersion: 5.4

specifiers:
  '@algolia/client-search': 4.14.2
  '@types/js-yaml': 4.0.5
  ast-grep-wasm: file:./pkg/
  js-yaml: 4.1.0
  monaco-editor: 0.34.1
  monaco-yaml: 4.0.2
  typescript: 4.8.4
  vite: 3.2.4
  vitepress: 1.0.0-alpha.29
  vue: 3.2.45
  vue-tsc: 1.0.9
  web-tree-sitter: 0.20.7

dependencies:
  '@types/js-yaml': 4.0.5
  js-yaml: 4.1.0
  monaco-editor: 0.34.1
  monaco-yaml: 4.0.2_monaco-editor@0.34.1
  vue: 3.2.45
  web-tree-sitter: 0.20.7

optionalDependencies:
  ast-grep-wasm: file:pkg

devDependencies:
  '@algolia/client-search': 4.14.2
  typescript: 4.8.4
  vite: 3.2.4
  vitepress: 1.0.0-alpha.29_tbpndr44ulefs3hehwpi2mkf2y
  vue-tsc: 1.0.9_typescript@4.8.4

packages:

  /@algolia/autocomplete-core/1.7.2:
    resolution: {integrity: sha512-eclwUDC6qfApNnEfu1uWcL/rudQsn59tjEoUYZYE2JSXZrHLRjBUGMxiCoknobU2Pva8ejb0eRxpIYDtVVqdsw==}
    dependencies:
      '@algolia/autocomplete-shared': 1.7.2
    dev: true

  /@algolia/autocomplete-preset-algolia/1.7.2_qs6lk5nhygj2o3hj4sf6xnr724:
    resolution: {integrity: sha512-+RYEG6B0QiGGfRb2G3MtPfyrl0dALF3cQNTWBzBX6p5o01vCCGTTinAm2UKG3tfc2CnOMAtnPLkzNZyJUpnVJw==}
    peerDependencies:
      '@algolia/client-search': '>= 4.9.1 < 6'
      algoliasearch: '>= 4.9.1 < 6'
    dependencies:
      '@algolia/autocomplete-shared': 1.7.2
      '@algolia/client-search': 4.14.2
      algoliasearch: 4.14.2
    dev: true

  /@algolia/autocomplete-shared/1.7.2:
    resolution: {integrity: sha512-QCckjiC7xXHIUaIL3ektBtjJ0w7tTA3iqKcAE/Hjn1lZ5omp7i3Y4e09rAr9ZybqirL7AbxCLLq0Ra5DDPKeug==}
    dev: true

  /@algolia/cache-browser-local-storage/4.14.2:
    resolution: {integrity: sha512-FRweBkK/ywO+GKYfAWbrepewQsPTIEirhi1BdykX9mxvBPtGNKccYAxvGdDCumU1jL4r3cayio4psfzKMejBlA==}
    dependencies:
      '@algolia/cache-common': 4.14.2
    dev: true

  /@algolia/cache-common/4.14.2:
    resolution: {integrity: sha512-SbvAlG9VqNanCErr44q6lEKD2qoK4XtFNx9Qn8FK26ePCI8I9yU7pYB+eM/cZdS9SzQCRJBbHUumVr4bsQ4uxg==}
    dev: true

  /@algolia/cache-in-memory/4.14.2:
    resolution: {integrity: sha512-HrOukWoop9XB/VFojPv1R5SVXowgI56T9pmezd/djh2JnVN/vXswhXV51RKy4nCpqxyHt/aGFSq2qkDvj6KiuQ==}
    dependencies:
      '@algolia/cache-common': 4.14.2
    dev: true

  /@algolia/client-account/4.14.2:
    resolution: {integrity: sha512-WHtriQqGyibbb/Rx71YY43T0cXqyelEU0lB2QMBRXvD2X0iyeGl4qMxocgEIcbHyK7uqE7hKgjT8aBrHqhgc1w==}
    dependencies:
      '@algolia/client-common': 4.14.2
      '@algolia/client-search': 4.14.2
      '@algolia/transporter': 4.14.2
    dev: true

  /@algolia/client-analytics/4.14.2:
    resolution: {integrity: sha512-yBvBv2mw+HX5a+aeR0dkvUbFZsiC4FKSnfqk9rrfX+QrlNOKEhCG0tJzjiOggRW4EcNqRmaTULIYvIzQVL2KYQ==}
    dependencies:
      '@algolia/client-common': 4.14.2
      '@algolia/client-search': 4.14.2
      '@algolia/requester-common': 4.14.2
      '@algolia/transporter': 4.14.2
    dev: true

  /@algolia/client-common/4.14.2:
    resolution: {integrity: sha512-43o4fslNLcktgtDMVaT5XwlzsDPzlqvqesRi4MjQz2x4/Sxm7zYg5LRYFol1BIhG6EwxKvSUq8HcC/KxJu3J0Q==}
    dependencies:
      '@algolia/requester-common': 4.14.2
      '@algolia/transporter': 4.14.2
    dev: true

  /@algolia/client-personalization/4.14.2:
    resolution: {integrity: sha512-ACCoLi0cL8CBZ1W/2juehSltrw2iqsQBnfiu/Rbl9W2yE6o2ZUb97+sqN/jBqYNQBS+o0ekTMKNkQjHHAcEXNw==}
    dependencies:
      '@algolia/client-common': 4.14.2
      '@algolia/requester-common': 4.14.2
      '@algolia/transporter': 4.14.2
    dev: true

  /@algolia/client-search/4.14.2:
    resolution: {integrity: sha512-L5zScdOmcZ6NGiVbLKTvP02UbxZ0njd5Vq9nJAmPFtjffUSOGEp11BmD2oMJ5QvARgx2XbX4KzTTNS5ECYIMWw==}
    dependencies:
      '@algolia/client-common': 4.14.2
      '@algolia/requester-common': 4.14.2
      '@algolia/transporter': 4.14.2
    dev: true

  /@algolia/logger-common/4.14.2:
    resolution: {integrity: sha512-/JGlYvdV++IcMHBnVFsqEisTiOeEr6cUJtpjz8zc0A9c31JrtLm318Njc72p14Pnkw3A/5lHHh+QxpJ6WFTmsA==}
    dev: true

  /@algolia/logger-console/4.14.2:
    resolution: {integrity: sha512-8S2PlpdshbkwlLCSAB5f8c91xyc84VM9Ar9EdfE9UmX+NrKNYnWR1maXXVDQQoto07G1Ol/tYFnFVhUZq0xV/g==}
    dependencies:
      '@algolia/logger-common': 4.14.2
    dev: true

  /@algolia/requester-browser-xhr/4.14.2:
    resolution: {integrity: sha512-CEh//xYz/WfxHFh7pcMjQNWgpl4wFB85lUMRyVwaDPibNzQRVcV33YS+63fShFWc2+42YEipFGH2iPzlpszmDw==}
    dependencies:
      '@algolia/requester-common': 4.14.2
    dev: true

  /@algolia/requester-common/4.14.2:
    resolution: {integrity: sha512-73YQsBOKa5fvVV3My7iZHu1sUqmjjfs9TteFWwPwDmnad7T0VTCopttcsM3OjLxZFtBnX61Xxl2T2gmG2O4ehg==}
    dev: true

  /@algolia/requester-node-http/4.14.2:
    resolution: {integrity: sha512-oDbb02kd1o5GTEld4pETlPZLY0e+gOSWjWMJHWTgDXbv9rm/o2cF7japO6Vj1ENnrqWvLBmW1OzV9g6FUFhFXg==}
    dependencies:
      '@algolia/requester-common': 4.14.2
    dev: true

  /@algolia/transporter/4.14.2:
    resolution: {integrity: sha512-t89dfQb2T9MFQHidjHcfhh6iGMNwvuKUvojAj+JsrHAGbuSy7yE4BylhLX6R0Q1xYRoC4Vvv+O5qIw/LdnQfsQ==}
    dependencies:
      '@algolia/cache-common': 4.14.2
      '@algolia/logger-common': 4.14.2
      '@algolia/requester-common': 4.14.2
    dev: true

  /@babel/helper-string-parser/7.18.10:
    resolution: {integrity: sha512-XtIfWmeNY3i4t7t4D2t02q50HvqHybPqW2ki1kosnvWCwuCMeo81Jf0gwr85jy/neUdg5XDdeFE/80DXiO+njw==}
    engines: {node: '>=6.9.0'}

  /@babel/helper-validator-identifier/7.19.1:
    resolution: {integrity: sha512-awrNfaMtnHUr653GgGEs++LlAvW6w+DcPrOliSMXWCKo597CwL5Acf/wWdNkf/tfEQE3mjkeD1YOVZOUV/od1w==}
    engines: {node: '>=6.9.0'}

  /@babel/parser/7.19.3:
    resolution: {integrity: sha512-pJ9xOlNWHiy9+FuFP09DEAFbAn4JskgRsVcc169w2xRBC3FRGuQEwjeIMMND9L2zc0iEhO/tGv4Zq+km+hxNpQ==}
    engines: {node: '>=6.0.0'}
    hasBin: true
    dependencies:
      '@babel/types': 7.19.3

  /@babel/types/7.19.3:
    resolution: {integrity: sha512-hGCaQzIY22DJlDh9CH7NOxgKkFjBk0Cw9xDO1Xmh2151ti7wiGfQ3LauXzL4HP1fmFlTX6XjpRETTpUcv7wQLw==}
    engines: {node: '>=6.9.0'}
    dependencies:
      '@babel/helper-string-parser': 7.18.10
      '@babel/helper-validator-identifier': 7.19.1
      to-fast-properties: 2.0.0

  /@docsearch/css/3.3.0:
    resolution: {integrity: sha512-rODCdDtGyudLj+Va8b6w6Y85KE85bXRsps/R4Yjwt5vueXKXZQKYw0aA9knxLBT6a/bI/GMrAcmCR75KYOM6hg==}
    dev: true

  /@docsearch/js/3.3.0_tbpndr44ulefs3hehwpi2mkf2y:
    resolution: {integrity: sha512-oFXWRPNvPxAzBhnFJ9UCFIYZiQNc3Yrv6912nZHw/UIGxsyzKpNRZgHq8HDk1niYmOSoLKtVFcxkccpQmYGFyg==}
    dependencies:
      '@docsearch/react': 3.3.0_tbpndr44ulefs3hehwpi2mkf2y
      preact: 10.11.0
    transitivePeerDependencies:
      - '@algolia/client-search'
      - '@types/react'
      - react
      - react-dom
    dev: true

  /@docsearch/react/3.3.0_tbpndr44ulefs3hehwpi2mkf2y:
    resolution: {integrity: sha512-fhS5adZkae2SSdMYEMVg6pxI5a/cE+tW16ki1V0/ur4Fdok3hBRkmN/H8VvlXnxzggkQIIRIVvYPn00JPjen3A==}
    peerDependencies:
      '@types/react': '>= 16.8.0 < 19.0.0'
      react: '>= 16.8.0 < 19.0.0'
      react-dom: '>= 16.8.0 < 19.0.0'
    peerDependenciesMeta:
      '@types/react':
        optional: true
      react:
        optional: true
      react-dom:
        optional: true
    dependencies:
      '@algolia/autocomplete-core': 1.7.2
      '@algolia/autocomplete-preset-algolia': 1.7.2_qs6lk5nhygj2o3hj4sf6xnr724
      '@docsearch/css': 3.3.0
      algoliasearch: 4.14.2
    transitivePeerDependencies:
      - '@algolia/client-search'
    dev: true

  /@esbuild/android-arm/0.15.9:
    resolution: {integrity: sha512-VZPy/ETF3fBG5PiinIkA0W/tlsvlEgJccyN2DzWZEl0DlVKRbu91PvY2D6Lxgluj4w9QtYHjOWjAT44C+oQ+EQ==}
    engines: {node: '>=12'}
    cpu: [arm]
    os: [android]
    requiresBuild: true
    dev: true
    optional: true

  /@esbuild/linux-loong64/0.15.9:
    resolution: {integrity: sha512-O+NfmkfRrb3uSsTa4jE3WApidSe3N5++fyOVGP1SmMZi4A3BZELkhUUvj5hwmMuNdlpzAZ8iAPz2vmcR7DCFQA==}
    engines: {node: '>=12'}
    cpu: [loong64]
    os: [linux]
    requiresBuild: true
    dev: true
    optional: true

  /@types/js-yaml/4.0.5:
    resolution: {integrity: sha512-FhpRzf927MNQdRZP0J5DLIdTXhjLYzeUTmLAu69mnVksLH9CJY3IuSeEgbKUki7GQZm0WqDkGzyxju2EZGD2wA==}
    dev: false

  /@types/json-schema/7.0.11:
    resolution: {integrity: sha512-wOuvG1SN4Us4rez+tylwwwCV1psiNVOkJeM3AUWUNWg/jDQY2+HE/444y5gc+jBmRqASOm2Oeh5c1axHobwRKQ==}
    dev: false

  /@types/web-bluetooth/0.0.16:
    resolution: {integrity: sha512-oh8q2Zc32S6gd/j50GowEjKLoOVOwHP/bWVjKJInBwQqdOYMdPrf1oVlelTlyfFK3CKxL1uahMDAr+vy8T7yMQ==}
    dev: true

  /@vitejs/plugin-vue/3.2.0_vite@3.2.4+vue@3.2.45:
    resolution: {integrity: sha512-E0tnaL4fr+qkdCNxJ+Xd0yM31UwMkQje76fsDVBBUCoGOUPexu2VDUYHL8P4CwV+zMvWw6nlRw19OnRKmYAJpw==}
    engines: {node: ^14.18.0 || >=16.0.0}
    peerDependencies:
      vite: ^3.0.0
      vue: ^3.2.25
    dependencies:
      vite: 3.2.4
      vue: 3.2.45
    dev: true

  /@volar/language-core/1.0.9:
    resolution: {integrity: sha512-5Fty3slLet6svXiJw2YxhYeo6c7wFdtILrql5bZymYLM+HbiZtJbryW1YnUEKAP7MO9Mbeh+TNH4Z0HFxHgIqw==}
    dependencies:
      '@volar/source-map': 1.0.9
      '@vue/reactivity': 3.2.45
      muggle-string: 0.1.0
    dev: true

  /@volar/source-map/1.0.9:
    resolution: {integrity: sha512-fazB/vy5ZEJ3yKx4fabJyGNI3CBkdLkfEIRVu6+1P3VixK0Mn+eqyUIkLBrzGYaeFM3GybhCLCvsVdNz0Fu/CQ==}
    dependencies:
      muggle-string: 0.1.0
    dev: true

  /@volar/typescript/1.0.9:
    resolution: {integrity: sha512-dVziu+ShQUWuMukM6bvK2v2O446/gG6l1XkTh2vfkccw1IzjfbiP1TWQoNo1ipTfZOtu5YJGYAx+o5HNrGXWfQ==}
    dependencies:
      '@volar/language-core': 1.0.9
    dev: true

  /@volar/vue-language-core/1.0.9:
    resolution: {integrity: sha512-tofNoR8ShPFenHT1YVMuvoXtXWwoQE+fiXVqSmW0dSKZqEDjWQ3YeXSd0a6aqyKaIbvR7kWWGp34WbpQlwf9Ww==}
    dependencies:
      '@volar/language-core': 1.0.9
      '@volar/source-map': 1.0.9
      '@vue/compiler-dom': 3.2.45
      '@vue/compiler-sfc': 3.2.45
      '@vue/reactivity': 3.2.41
      '@vue/shared': 3.2.45
      minimatch: 5.1.0
      vue-template-compiler: 2.7.13
    dev: true

  /@volar/vue-typescript/1.0.9:
    resolution: {integrity: sha512-ZLe4y9YNbviACa7uAMCilzxA76gbbSlKfjspXBzk6fCobd8QCIig+VyDYcjANIlm2HhgSCX8jYTzhCKlegh4mw==}
    dependencies:
      '@volar/typescript': 1.0.9
      '@volar/vue-language-core': 1.0.9
    dev: true

  /@vue/compiler-core/3.2.45:
    resolution: {integrity: sha512-rcMj7H+PYe5wBV3iYeUgbCglC+pbpN8hBLTJvRiK2eKQiWqu+fG9F+8sW99JdL4LQi7Re178UOxn09puSXvn4A==}
    dependencies:
      '@babel/parser': 7.19.3
      '@vue/shared': 3.2.45
      estree-walker: 2.0.2
      source-map: 0.6.1

  /@vue/compiler-dom/3.2.45:
    resolution: {integrity: sha512-tyYeUEuKqqZO137WrZkpwfPCdiiIeXYCcJ8L4gWz9vqaxzIQRccTSwSWZ/Axx5YR2z+LvpUbmPNXxuBU45lyRw==}
    dependencies:
      '@vue/compiler-core': 3.2.45
      '@vue/shared': 3.2.45

  /@vue/compiler-sfc/3.2.45:
    resolution: {integrity: sha512-1jXDuWah1ggsnSAOGsec8cFjT/K6TMZ0sPL3o3d84Ft2AYZi2jWJgRMjw4iaK0rBfA89L5gw427H4n1RZQBu6Q==}
    dependencies:
      '@babel/parser': 7.19.3
      '@vue/compiler-core': 3.2.45
      '@vue/compiler-dom': 3.2.45
      '@vue/compiler-ssr': 3.2.45
      '@vue/reactivity-transform': 3.2.45
      '@vue/shared': 3.2.45
      estree-walker: 2.0.2
      magic-string: 0.25.9
      postcss: 8.4.18
      source-map: 0.6.1

  /@vue/compiler-ssr/3.2.45:
    resolution: {integrity: sha512-6BRaggEGqhWht3lt24CrIbQSRD5O07MTmd+LjAn5fJj568+R9eUD2F7wMQJjX859seSlrYog7sUtrZSd7feqrQ==}
    dependencies:
      '@vue/compiler-dom': 3.2.45
      '@vue/shared': 3.2.45

  /@vue/devtools-api/6.4.5:
    resolution: {integrity: sha512-JD5fcdIuFxU4fQyXUu3w2KpAJHzTVdN+p4iOX2lMWSHMOoQdMAcpFLZzm9Z/2nmsoZ1a96QEhZ26e50xLBsgOQ==}
    dev: true

  /@vue/reactivity-transform/3.2.45:
    resolution: {integrity: sha512-BHVmzYAvM7vcU5WmuYqXpwaBHjsS8T63jlKGWVtHxAHIoMIlmaMyurUSEs1Zcg46M4AYT5MtB1U274/2aNzjJQ==}
    dependencies:
      '@babel/parser': 7.19.3
      '@vue/compiler-core': 3.2.45
      '@vue/shared': 3.2.45
      estree-walker: 2.0.2
      magic-string: 0.25.9

  /@vue/reactivity/3.2.41:
    resolution: {integrity: sha512-9JvCnlj8uc5xRiQGZ28MKGjuCoPhhTwcoAdv3o31+cfGgonwdPNuvqAXLhlzu4zwqavFEG5tvaoINQEfxz+l6g==}
    dependencies:
      '@vue/shared': 3.2.41
    dev: true

  /@vue/reactivity/3.2.45:
    resolution: {integrity: sha512-PRvhCcQcyEVohW0P8iQ7HDcIOXRjZfAsOds3N99X/Dzewy8TVhTCT4uXpAHfoKjVTJRA0O0K+6QNkDIZAxNi3A==}
    dependencies:
      '@vue/shared': 3.2.45

  /@vue/runtime-core/3.2.45:
    resolution: {integrity: sha512-gzJiTA3f74cgARptqzYswmoQx0fIA+gGYBfokYVhF8YSXjWTUA2SngRzZRku2HbGbjzB6LBYSbKGIaK8IW+s0A==}
    dependencies:
      '@vue/reactivity': 3.2.45
      '@vue/shared': 3.2.45

  /@vue/runtime-dom/3.2.45:
    resolution: {integrity: sha512-cy88YpfP5Ue2bDBbj75Cb4bIEZUMM/mAkDMfqDTpUYVgTf/kuQ2VQ8LebuZ8k6EudgH8pYhsGWHlY0lcxlvTwA==}
    dependencies:
      '@vue/runtime-core': 3.2.45
      '@vue/shared': 3.2.45
      csstype: 2.6.21

  /@vue/server-renderer/3.2.45_vue@3.2.45:
    resolution: {integrity: sha512-ebiMq7q24WBU1D6uhPK//2OTR1iRIyxjF5iVq/1a5I1SDMDyDu4Ts6fJaMnjrvD3MqnaiFkKQj+LKAgz5WIK3g==}
    peerDependencies:
      vue: 3.2.45
    dependencies:
      '@vue/compiler-ssr': 3.2.45
      '@vue/shared': 3.2.45
      vue: 3.2.45

  /@vue/shared/3.2.41:
    resolution: {integrity: sha512-W9mfWLHmJhkfAmV+7gDjcHeAWALQtgGT3JErxULl0oz6R6+3ug91I7IErs93eCFhPCZPHBs4QJS7YWEV7A3sxw==}
    dev: true

  /@vue/shared/3.2.45:
    resolution: {integrity: sha512-Ewzq5Yhimg7pSztDV+RH1UDKBzmtqieXQlpTVm2AwraoRL/Rks96mvd8Vgi7Lj+h+TH8dv7mXD3FRZR3TUvbSg==}

  /@vueuse/core/9.4.0_vue@3.2.45:
    resolution: {integrity: sha512-JzgenGj1ZF2BHOen5rsFiAyyI9sXAv7aKhNLlm9b7SwYQeKTcxTWdhudonURCSP3Egl9NQaRBzes2lv/1JUt/Q==}
    dependencies:
      '@types/web-bluetooth': 0.0.16
      '@vueuse/metadata': 9.4.0
      '@vueuse/shared': 9.4.0_vue@3.2.45
      vue-demi: 0.13.11_vue@3.2.45
    transitivePeerDependencies:
      - '@vue/composition-api'
      - vue
    dev: true

  /@vueuse/metadata/9.4.0:
    resolution: {integrity: sha512-7GKMdGAsJyQJl35MYOz/RDpP0FxuiZBRDSN79QIPbdqYx4Sd0sVTnIC68KJ6Oln0t0SouvSUMvRHuno216Ud2Q==}
    dev: true

  /@vueuse/shared/9.4.0_vue@3.2.45:
    resolution: {integrity: sha512-fTuem51KwMCnqUKkI8B57qAIMcFovtGgsCtAeqxIzH3i6nE9VYge+gVfneNHAAy7lj8twbkNfqQSygOPJTm4tQ==}
    dependencies:
      vue-demi: 0.13.11_vue@3.2.45
    transitivePeerDependencies:
      - '@vue/composition-api'
      - vue
    dev: true

  /algoliasearch/4.14.2:
    resolution: {integrity: sha512-ngbEQonGEmf8dyEh5f+uOIihv4176dgbuOZspiuhmTTBRBuzWu3KCGHre6uHj5YyuC7pNvQGzB6ZNJyZi0z+Sg==}
    dependencies:
      '@algolia/cache-browser-local-storage': 4.14.2
      '@algolia/cache-common': 4.14.2
      '@algolia/cache-in-memory': 4.14.2
      '@algolia/client-account': 4.14.2
      '@algolia/client-analytics': 4.14.2
      '@algolia/client-common': 4.14.2
      '@algolia/client-personalization': 4.14.2
      '@algolia/client-search': 4.14.2
      '@algolia/logger-common': 4.14.2
      '@algolia/logger-console': 4.14.2
      '@algolia/requester-browser-xhr': 4.14.2
      '@algolia/requester-common': 4.14.2
      '@algolia/requester-node-http': 4.14.2
      '@algolia/transporter': 4.14.2
    dev: true

  /argparse/2.0.1:
    resolution: {integrity: sha512-8+9WqebbFzpX9OR+Wa6O29asIogeRMzcGtAINdpMHHyAg10f05aSFVBbcEqGf/PXw1EjAZ+q2/bEBg3DvurK3Q==}
    dev: false

  /balanced-match/1.0.2:
    resolution: {integrity: sha512-3oSeUO0TMV67hN1AmbXsK4yaqU7tjiHlbxRDZOpH0KW9+CeX4bRAaX0Anxt0tx2MrpRpWwQaPwIlISEJhYU5Pw==}
    dev: true

  /body-scroll-lock/4.0.0-beta.0:
    resolution: {integrity: sha512-a7tP5+0Mw3YlUJcGAKUqIBkYYGlYxk2fnCasq/FUph1hadxlTRjF+gAcZksxANnaMnALjxEddmSi/H3OR8ugcQ==}
    dev: true

  /brace-expansion/2.0.1:
    resolution: {integrity: sha512-XnAIvQ8eM+kC6aULx6wuQiwVsnzsi9d3WxzV3FpWTGA19F621kwdbsAcFKXgKUHZWsy+mY6iL1sHTxWEFCytDA==}
    dependencies:
      balanced-match: 1.0.2
    dev: true

  /csstype/2.6.21:
    resolution: {integrity: sha512-Z1PhmomIfypOpoMjRQB70jfvy/wxT50qW08YXO5lMIJkrdq4yOTR+AW7FqutScmB9NkLwxo+jU+kZLbofZZq/w==}

  /de-indent/1.0.2:
    resolution: {integrity: sha512-e/1zu3xH5MQryN2zdVaF0OrdNLUbvWxzMbi+iNA6Bky7l1RoP8a2fIbRocyHclXt/arDrrR6lL3TqFD9pMQTsg==}
    dev: true

  /esbuild-android-64/0.15.9:
    resolution: {integrity: sha512-HQCX7FJn9T4kxZQkhPjNZC7tBWZqJvhlLHPU2SFzrQB/7nDXjmTIFpFTjt7Bd1uFpeXmuwf5h5fZm+x/hLnhbw==}
    engines: {node: '>=12'}
    cpu: [x64]
    os: [android]
    requiresBuild: true
    dev: true
    optional: true

  /esbuild-android-arm64/0.15.9:
    resolution: {integrity: sha512-E6zbLfqbFVCNEKircSHnPiSTsm3fCRxeIMPfrkS33tFjIAoXtwegQfVZqMGR0FlsvVxp2NEDOUz+WW48COCjSg==}
    engines: {node: '>=12'}
    cpu: [arm64]
    os: [android]
    requiresBuild: true
    dev: true
    optional: true

  /esbuild-darwin-64/0.15.9:
    resolution: {integrity: sha512-gI7dClcDN/HHVacZhTmGjl0/TWZcGuKJ0I7/xDGJwRQQn7aafZGtvagOFNmuOq+OBFPhlPv1T6JElOXb0unkSQ==}
    engines: {node: '>=12'}
    cpu: [x64]
    os: [darwin]
    requiresBuild: true
    dev: true
    optional: true

  /esbuild-darwin-arm64/0.15.9:
    resolution: {integrity: sha512-VZIMlcRN29yg/sv7DsDwN+OeufCcoTNaTl3Vnav7dL/nvsApD7uvhVRbgyMzv0zU/PP0xRhhIpTyc7lxEzHGSw==}
    engines: {node: '>=12'}
    cpu: [arm64]
    os: [darwin]
    requiresBuild: true
    dev: true
    optional: true

  /esbuild-freebsd-64/0.15.9:
    resolution: {integrity: sha512-uM4z5bTvuAXqPxrI204txhlsPIolQPWRMLenvGuCPZTnnGlCMF2QLs0Plcm26gcskhxewYo9LkkmYSS5Czrb5A==}
    engines: {node: '>=12'}
    cpu: [x64]
    os: [freebsd]
    requiresBuild: true
    dev: true
    optional: true

  /esbuild-freebsd-arm64/0.15.9:
    resolution: {integrity: sha512-HHDjT3O5gWzicGdgJ5yokZVN9K9KG05SnERwl9nBYZaCjcCgj/sX8Ps1jvoFSfNCO04JSsHSOWo4qvxFuj8FoA==}
    engines: {node: '>=12'}
    cpu: [arm64]
    os: [freebsd]
    requiresBuild: true
    dev: true
    optional: true

  /esbuild-linux-32/0.15.9:
    resolution: {integrity: sha512-AQIdE8FugGt1DkcekKi5ycI46QZpGJ/wqcMr7w6YUmOmp2ohQ8eO4sKUsOxNOvYL7hGEVwkndSyszR6HpVHLFg==}
    engines: {node: '>=12'}
    cpu: [ia32]
    os: [linux]
    requiresBuild: true
    dev: true
    optional: true

  /esbuild-linux-64/0.15.9:
    resolution: {integrity: sha512-4RXjae7g6Qs7StZyiYyXTZXBlfODhb1aBVAjd+ANuPmMhWthQilWo7rFHwJwL7DQu1Fjej2sODAVwLbcIVsAYQ==}
    engines: {node: '>=12'}
    cpu: [x64]
    os: [linux]
    requiresBuild: true
    dev: true
    optional: true

  /esbuild-linux-arm/0.15.9:
    resolution: {integrity: sha512-3Zf2GVGUOI7XwChH3qrnTOSqfV1V4CAc/7zLVm4lO6JT6wbJrTgEYCCiNSzziSju+J9Jhf9YGWk/26quWPC6yQ==}
    engines: {node: '>=12'}
    cpu: [arm]
    os: [linux]
    requiresBuild: true
    dev: true
    optional: true

  /esbuild-linux-arm64/0.15.9:
    resolution: {integrity: sha512-a+bTtxJmYmk9d+s2W4/R1SYKDDAldOKmWjWP0BnrWtDbvUBNOm++du0ysPju4mZVoEFgS1yLNW+VXnG/4FNwdQ==}
    engines: {node: '>=12'}
    cpu: [arm64]
    os: [linux]
    requiresBuild: true
    dev: true
    optional: true

  /esbuild-linux-mips64le/0.15.9:
    resolution: {integrity: sha512-Zn9HSylDp89y+TRREMDoGrc3Z4Hs5u56ozZLQCiZAUx2+HdbbXbWdjmw3FdTJ/i7t5Cew6/Q+6kfO3KCcFGlyw==}
    engines: {node: '>=12'}
    cpu: [mips64el]
    os: [linux]
    requiresBuild: true
    dev: true
    optional: true

  /esbuild-linux-ppc64le/0.15.9:
    resolution: {integrity: sha512-OEiOxNAMH9ENFYqRsWUj3CWyN3V8P3ZXyfNAtX5rlCEC/ERXrCEFCJji/1F6POzsXAzxvUJrTSTCy7G6BhA6Fw==}
    engines: {node: '>=12'}
    cpu: [ppc64]
    os: [linux]
    requiresBuild: true
    dev: true
    optional: true

  /esbuild-linux-riscv64/0.15.9:
    resolution: {integrity: sha512-ukm4KsC3QRausEFjzTsOZ/qqazw0YvJsKmfoZZm9QW27OHjk2XKSQGGvx8gIEswft/Sadp03/VZvAaqv5AIwNA==}
    engines: {node: '>=12'}
    cpu: [riscv64]
    os: [linux]
    requiresBuild: true
    dev: true
    optional: true

  /esbuild-linux-s390x/0.15.9:
    resolution: {integrity: sha512-uDOQEH55wQ6ahcIKzQr3VyjGc6Po/xblLGLoUk3fVL1qjlZAibtQr6XRfy5wPJLu/M2o0vQKLq4lyJ2r1tWKcw==}
    engines: {node: '>=12'}
    cpu: [s390x]
    os: [linux]
    requiresBuild: true
    dev: true
    optional: true

  /esbuild-netbsd-64/0.15.9:
    resolution: {integrity: sha512-yWgxaYTQz+TqX80wXRq6xAtb7GSBAp6gqLKfOdANg9qEmAI1Bxn04IrQr0Mzm4AhxvGKoHzjHjMgXbCCSSDxcw==}
    engines: {node: '>=12'}
    cpu: [x64]
    os: [netbsd]
    requiresBuild: true
    dev: true
    optional: true

  /esbuild-openbsd-64/0.15.9:
    resolution: {integrity: sha512-JmS18acQl4iSAjrEha1MfEmUMN4FcnnrtTaJ7Qg0tDCOcgpPPQRLGsZqhes0vmx8VA6IqRyScqXvaL7+Q0Uf3A==}
    engines: {node: '>=12'}
    cpu: [x64]
    os: [openbsd]
    requiresBuild: true
    dev: true
    optional: true

  /esbuild-sunos-64/0.15.9:
    resolution: {integrity: sha512-UKynGSWpzkPmXW3D2UMOD9BZPIuRaSqphxSCwScfEE05Be3KAmvjsBhht1fLzKpiFVJb0BYMd4jEbWMyJ/z1hQ==}
    engines: {node: '>=12'}
    cpu: [x64]
    os: [sunos]
    requiresBuild: true
    dev: true
    optional: true

  /esbuild-windows-32/0.15.9:
    resolution: {integrity: sha512-aqXvu4/W9XyTVqO/hw3rNxKE1TcZiEYHPsXM9LwYmKSX9/hjvfIJzXwQBlPcJ/QOxedfoMVH0YnhhQ9Ffb0RGA==}
    engines: {node: '>=12'}
    cpu: [ia32]
    os: [win32]
    requiresBuild: true
    dev: true
    optional: true

  /esbuild-windows-64/0.15.9:
    resolution: {integrity: sha512-zm7h91WUmlS4idMtjvCrEeNhlH7+TNOmqw5dJPJZrgFaxoFyqYG6CKDpdFCQXdyKpD5yvzaQBOMVTCBVKGZDEg==}
    engines: {node: '>=12'}
    cpu: [x64]
    os: [win32]
    requiresBuild: true
    dev: true
    optional: true

  /esbuild-windows-arm64/0.15.9:
    resolution: {integrity: sha512-yQEVIv27oauAtvtuhJVfSNMztJJX47ismRS6Sv2QMVV9RM+6xjbMWuuwM2nxr5A2/gj/mu2z9YlQxiwoFRCfZA==}
    engines: {node: '>=12'}
    cpu: [arm64]
    os: [win32]
    requiresBuild: true
    dev: true
    optional: true

  /esbuild/0.15.9:
    resolution: {integrity: sha512-OnYr1rkMVxtmMHIAKZLMcEUlJmqcbxBz9QoBU8G9v455na0fuzlT/GLu6l+SRghrk0Mm2fSSciMmzV43Q8e0Gg==}
    engines: {node: '>=12'}
    hasBin: true
    requiresBuild: true
    optionalDependencies:
      '@esbuild/android-arm': 0.15.9
      '@esbuild/linux-loong64': 0.15.9
      esbuild-android-64: 0.15.9
      esbuild-android-arm64: 0.15.9
      esbuild-darwin-64: 0.15.9
      esbuild-darwin-arm64: 0.15.9
      esbuild-freebsd-64: 0.15.9
      esbuild-freebsd-arm64: 0.15.9
      esbuild-linux-32: 0.15.9
      esbuild-linux-64: 0.15.9
      esbuild-linux-arm: 0.15.9
      esbuild-linux-arm64: 0.15.9
      esbuild-linux-mips64le: 0.15.9
      esbuild-linux-ppc64le: 0.15.9
      esbuild-linux-riscv64: 0.15.9
      esbuild-linux-s390x: 0.15.9
      esbuild-netbsd-64: 0.15.9
      esbuild-openbsd-64: 0.15.9
      esbuild-sunos-64: 0.15.9
      esbuild-windows-32: 0.15.9
      esbuild-windows-64: 0.15.9
      esbuild-windows-arm64: 0.15.9
    dev: true

  /estree-walker/2.0.2:
    resolution: {integrity: sha512-Rfkk/Mp/DL7JVje3u18FxFujQlTNR2q6QfMSMB7AvCBx91NGj/ba3kCfza0f6dVDbw7YlRf/nDrn7pQrCCyQ/w==}

  /fsevents/2.3.2:
    resolution: {integrity: sha512-xiqMQR4xAeHTuB9uWm+fFRcIOgKBMiOBP+eXiyT7jsgVCq1bkVygt00oASowB7EdtpOHaaPgKt812P9ab+DDKA==}
    engines: {node: ^8.16.0 || ^10.6.0 || >=11.0.0}
    os: [darwin]
    requiresBuild: true
    dev: true
    optional: true

  /function-bind/1.1.1:
    resolution: {integrity: sha512-yIovAzMX49sF8Yl58fSCWJ5svSLuaibPxXQJFLmBObTuCr0Mf1KiPopGM9NiFjiYBCbfaa2Fh6breQ6ANVTI0A==}
    dev: true

  /has/1.0.3:
    resolution: {integrity: sha512-f2dvO0VU6Oej7RkWJGrehjbzMAjFp5/VKPp5tTpWIV4JHHZK1/BxbFRtf/siA2SWTe09caDmVtYYzWEIbBS4zw==}
    engines: {node: '>= 0.4.0'}
    dependencies:
      function-bind: 1.1.1
    dev: true

  /he/1.2.0:
    resolution: {integrity: sha512-F/1DnUGPopORZi0ni+CvrCgHQ5FyEAHRLSApuYWMmrbSwoN2Mn/7k+Gl38gJnR7yyDZk6WLXwiGod1JOWNDKGw==}
    hasBin: true
    dev: true

  /is-core-module/2.10.0:
    resolution: {integrity: sha512-Erxj2n/LDAZ7H8WNJXd9tw38GYM3dv8rk8Zcs+jJuxYTW7sozH+SS8NtrSjVL1/vpLvWi1hxy96IzjJ3EHTJJg==}
    dependencies:
      has: 1.0.3
    dev: true

  /js-yaml/4.1.0:
    resolution: {integrity: sha512-wpxZs9NoxZaJESJGIZTyDEaYpl0FKSA+FB9aJiyemKhMwkxQg63h4T1KJgUGHpTqPDNRcmmYLugrRjJlBtWvRA==}
    hasBin: true
    dependencies:
      argparse: 2.0.1
    dev: false

  /jsonc-parser/3.2.0:
    resolution: {integrity: sha512-gfFQZrcTc8CnKXp6Y4/CBT3fTc0OVuDofpre4aEeEpSBPV5X5v4+Vmx+8snU7RLPrNHPKSgLxGo9YuQzz20o+w==}

  /magic-string/0.25.9:
    resolution: {integrity: sha512-RmF0AsMzgt25qzqqLc1+MbHmhdx0ojF2Fvs4XnOqz2ZOBXzzkEwc/dJQZCYHAn7v1jbVOjAZfK8msRn4BxO4VQ==}
    dependencies:
      sourcemap-codec: 1.4.8

  /minimatch/5.1.0:
    resolution: {integrity: sha512-9TPBGGak4nHfGZsPBohm9AWg6NoT7QTCehS3BIJABslyZbzxfV78QM2Y6+i741OPZIafFAaiiEMh5OyIrJPgtg==}
    engines: {node: '>=10'}
    dependencies:
      brace-expansion: 2.0.1
    dev: true

  /monaco-editor/0.34.1:
    resolution: {integrity: sha512-FKc80TyiMaruhJKKPz5SpJPIjL+dflGvz4CpuThaPMc94AyN7SeC9HQ8hrvaxX7EyHdJcUY5i4D0gNyJj1vSZQ==}
    dev: false

  /monaco-marker-data-provider/1.1.1_monaco-editor@0.34.1:
    resolution: {integrity: sha512-PGB7TJSZE5tmHzkxv/OEwK2RGNC2A7dcq4JRJnnj31CUAsfmw0Gl+1QTrH0W0deKhcQmQM0YVPaqgQ+0wCt8Mg==}
    peerDependencies:
      monaco-editor: '>=0.30.0'
    dependencies:
      monaco-editor: 0.34.1
    dev: false

  /monaco-worker-manager/2.0.1_monaco-editor@0.34.1:
    resolution: {integrity: sha512-kdPL0yvg5qjhKPNVjJoym331PY/5JC11aPJXtCZNwWRvBr6jhkIamvYAyiY5P1AWFmNOy0aRDRoMdZfa71h8kg==}
    peerDependencies:
      monaco-editor: '>=0.30.0'
    dependencies:
      monaco-editor: 0.34.1
    dev: false

  /monaco-yaml/4.0.2_monaco-editor@0.34.1:
    resolution: {integrity: sha512-Wxn6CblkQDLOUusfi0eZ3qZhkuKYIrK7fXlkJOOG+W18zgKePbuZW0XNWpczlxDC27D753dB18pMnx4U7MZ3yg==}
    peerDependencies:
      monaco-editor: '>=0.30'
    dependencies:
      '@types/json-schema': 7.0.11
      jsonc-parser: 3.2.0
      monaco-editor: 0.34.1
      monaco-marker-data-provider: 1.1.1_monaco-editor@0.34.1
      monaco-worker-manager: 2.0.1_monaco-editor@0.34.1
      path-browserify: 1.0.1
      prettier: 2.7.1
      vscode-languageserver-textdocument: 1.0.7
      vscode-languageserver-types: 3.17.2
      vscode-uri: 3.0.6
      yaml: 2.1.1
    dev: false

  /muggle-string/0.1.0:
    resolution: {integrity: sha512-Tr1knR3d2mKvvWthlk7202rywKbiOm4rVFLsfAaSIhJ6dt9o47W4S+JMtWhd/PW9Wrdew2/S2fSvhz3E2gkfEg==}
    dev: true

  /nanoid/3.3.4:
    resolution: {integrity: sha512-MqBkQh/OHTS2egovRtLk45wEyNXwF+cokD+1YPf9u5VfJiRdAiRwB2froX5Co9Rh20xs4siNPm8naNotSD6RBw==}
    engines: {node: ^10 || ^12 || ^13.7 || ^14 || >=15.0.1}
    hasBin: true

  /path-browserify/1.0.1:
    resolution: {integrity: sha512-b7uo2UCUOYZcnF/3ID0lulOJi/bafxa1xPe7ZPsammBSpjSWQkjNxlt635YGS2MiR9GjvuXCtz2emr3jbsz98g==}
    dev: false

  /path-parse/1.0.7:
    resolution: {integrity: sha512-LDJzPVEEEPR+y48z93A0Ed0yXb8pAByGWo/k5YYdYgpY2/2EsOsksJrq7lOHxryrVOn1ejG6oAp8ahvOIQD8sw==}
    dev: true

  /picocolors/1.0.0:
    resolution: {integrity: sha512-1fygroTLlHu66zi26VoTDv8yRgm0Fccecssto+MhsZ0D/DGW2sm8E8AjW7NU5VVTRt5GxbeZ5qBuJr+HyLYkjQ==}

  /postcss/8.4.18:
    resolution: {integrity: sha512-Wi8mWhncLJm11GATDaQKobXSNEYGUHeQLiQqDFG1qQ5UTDPTEvKw0Xt5NsTpktGTwLps3ByrWsBrG0rB8YQ9oA==}
    engines: {node: ^10 || ^12 || >=14}
    dependencies:
      nanoid: 3.3.4
      picocolors: 1.0.0
      source-map-js: 1.0.2

  /preact/10.11.0:
    resolution: {integrity: sha512-Fk6+vB2kb6mSJfDgODq0YDhMfl0HNtK5+Uc9QqECO4nlyPAQwCI+BKyWO//idA7ikV7o+0Fm6LQmNuQi1wXI1w==}
    dev: true

  /prettier/2.7.1:
    resolution: {integrity: sha512-ujppO+MkdPqoVINuDFDRLClm7D78qbDt0/NR+wp5FqEZOoTNAjPHWj17QRhu7geIHJfcNhRk1XVQmF8Bp3ye+g==}
    engines: {node: '>=10.13.0'}
    hasBin: true
    dev: false

  /resolve/1.22.1:
    resolution: {integrity: sha512-nBpuuYuY5jFsli/JIs1oldw6fOQCBioohqWZg/2hiaOybXOft4lonv85uDOKXdf8rhyK159cxU5cDcK/NKk8zw==}
    hasBin: true
    dependencies:
      is-core-module: 2.10.0
      path-parse: 1.0.7
      supports-preserve-symlinks-flag: 1.0.0
    dev: true

  /rollup/2.79.1:
    resolution: {integrity: sha512-uKxbd0IhMZOhjAiD5oAFp7BqvkA4Dv47qpOCtaNvng4HBwdbWtdOh8f5nZNuk2rp51PMGk3bzfWu5oayNEuYnw==}
    engines: {node: '>=10.0.0'}
    hasBin: true
    optionalDependencies:
      fsevents: 2.3.2
    dev: true

  /shiki/0.11.1:
    resolution: {integrity: sha512-EugY9VASFuDqOexOgXR18ZV+TbFrQHeCpEYaXamO+SZlsnT/2LxuLBX25GGtIrwaEVFXUAbUQ601SWE2rMwWHA==}
    dependencies:
      jsonc-parser: 3.2.0
      vscode-oniguruma: 1.6.2
      vscode-textmate: 6.0.0
    dev: true

  /source-map-js/1.0.2:
    resolution: {integrity: sha512-R0XvVJ9WusLiqTCEiGCmICCMplcCkIwwR11mOSD9CR5u+IXYdiseeEuXCVAjS54zqwkLcPNnmU4OeJ6tUrWhDw==}
    engines: {node: '>=0.10.0'}

  /source-map/0.6.1:
    resolution: {integrity: sha512-UjgapumWlbMhkBgzT7Ykc5YXUT46F0iKu8SGXq0bcwP5dz/h0Plj6enJqjz1Zbq2l5WaqYnrVbwWOWMyF3F47g==}
    engines: {node: '>=0.10.0'}

  /sourcemap-codec/1.4.8:
    resolution: {integrity: sha512-9NykojV5Uih4lgo5So5dtw+f0JgJX30KCNI8gwhz2J9A15wD0Ml6tjHKwf6fTSa6fAdVBdZeNOs9eJ71qCk8vA==}

  /supports-preserve-symlinks-flag/1.0.0:
    resolution: {integrity: sha512-ot0WnXS9fgdkgIcePe6RHNk1WA8+muPa6cSjeR3V8K27q9BB1rTE3R1p7Hv0z1ZyAc8s6Vvv8DIyWf681MAt0w==}
    engines: {node: '>= 0.4'}
    dev: true

  /to-fast-properties/2.0.0:
    resolution: {integrity: sha512-/OaKK0xYrs3DmxRYqL/yDc+FxFUVYhDlXMhRmv3z915w2HF1tnN1omB354j8VUGO/hbRzyD6Y3sA7v7GS/ceog==}
    engines: {node: '>=4'}

  /typescript/4.8.4:
    resolution: {integrity: sha512-QCh+85mCy+h0IGff8r5XWzOVSbBO+KfeYrMQh7NJ58QujwcE22u+NUSmUxqF+un70P9GXKxa2HCNiTTMJknyjQ==}
    engines: {node: '>=4.2.0'}
    hasBin: true
    dev: true

  /vite/3.2.4:
    resolution: {integrity: sha512-Z2X6SRAffOUYTa+sLy3NQ7nlHFU100xwanq1WDwqaiFiCe+25zdxP1TfCS5ojPV2oDDcXudHIoPnI1Z/66B7Yw==}
    engines: {node: ^14.18.0 || >=16.0.0}
    hasBin: true
    peerDependencies:
      '@types/node': '>= 14'
      less: '*'
      sass: '*'
      stylus: '*'
      sugarss: '*'
      terser: ^5.4.0
    peerDependenciesMeta:
      '@types/node':
        optional: true
      less:
        optional: true
      sass:
        optional: true
      stylus:
        optional: true
      sugarss:
        optional: true
      terser:
        optional: true
    dependencies:
      esbuild: 0.15.9
      postcss: 8.4.18
      resolve: 1.22.1
      rollup: 2.79.1
    optionalDependencies:
      fsevents: 2.3.2
    dev: true

  /vitepress/1.0.0-alpha.29_tbpndr44ulefs3hehwpi2mkf2y:
    resolution: {integrity: sha512-oaRaeMLcN9M3Bxz97fFVF6Gzm3Aqtb0CijTt5TOW0XPzNPuKA0YpFnsmS97gdKmA+VztM6itRJ8K7JJuU0VS3g==}
    hasBin: true
    dependencies:
      '@docsearch/css': 3.3.0
      '@docsearch/js': 3.3.0_tbpndr44ulefs3hehwpi2mkf2y
      '@vitejs/plugin-vue': 3.2.0_vite@3.2.4+vue@3.2.45
      '@vue/devtools-api': 6.4.5
      '@vueuse/core': 9.4.0_vue@3.2.45
      body-scroll-lock: 4.0.0-beta.0
      shiki: 0.11.1
      vite: 3.2.4
      vue: 3.2.45
    transitivePeerDependencies:
      - '@algolia/client-search'
      - '@types/node'
      - '@types/react'
      - '@vue/composition-api'
      - less
      - react
      - react-dom
      - sass
      - stylus
      - sugarss
      - terser
    dev: true

  /vscode-languageserver-textdocument/1.0.7:
    resolution: {integrity: sha512-bFJH7UQxlXT8kKeyiyu41r22jCZXG8kuuVVA33OEJn1diWOZK5n8zBSPZFHVBOu8kXZ6h0LIRhf5UnCo61J4Hg==}
    dev: false

  /vscode-languageserver-types/3.17.2:
    resolution: {integrity: sha512-zHhCWatviizPIq9B7Vh9uvrH6x3sK8itC84HkamnBWoDFJtzBf7SWlpLCZUit72b3os45h6RWQNC9xHRDF8dRA==}
    dev: false

  /vscode-oniguruma/1.6.2:
    resolution: {integrity: sha512-KH8+KKov5eS/9WhofZR8M8dMHWN2gTxjMsG4jd04YhpbPR91fUj7rYQ2/XjeHCJWbg7X++ApRIU9NUwM2vTvLA==}
    dev: true

  /vscode-textmate/6.0.0:
    resolution: {integrity: sha512-gu73tuZfJgu+mvCSy4UZwd2JXykjK9zAZsfmDeut5dx/1a7FeTk0XwJsSuqQn+cuMCGVbIBfl+s53X4T19DnzQ==}
    dev: true

  /vscode-uri/3.0.6:
    resolution: {integrity: sha512-fmL7V1eiDBFRRnu+gfRWTzyPpNIHJTc4mWnFkwBUmO9U3KPgJAmTx7oxi2bl/Rh6HLdU7+4C9wlj0k2E4AdKFQ==}
    dev: false

  /vue-demi/0.13.11_vue@3.2.45:
    resolution: {integrity: sha512-IR8HoEEGM65YY3ZJYAjMlKygDQn25D5ajNFNoKh9RSDMQtlzCxtfQjdQgv9jjK+m3377SsJXY8ysq8kLCZL25A==}
    engines: {node: '>=12'}
    hasBin: true
    requiresBuild: true
    peerDependencies:
      '@vue/composition-api': ^1.0.0-rc.1
      vue: ^3.0.0-0 || ^2.6.0
    peerDependenciesMeta:
      '@vue/composition-api':
        optional: true
    dependencies:
      vue: 3.2.45
    dev: true

  /vue-template-compiler/2.7.13:
    resolution: {integrity: sha512-jYM6TClwDS9YqP48gYrtAtaOhRKkbYmbzE+Q51gX5YDr777n7tNI/IZk4QV4l/PjQPNh/FVa/E92sh/RqKMrog==}
    dependencies:
      de-indent: 1.0.2
      he: 1.2.0
    dev: true

  /vue-tsc/1.0.9_typescript@4.8.4:
    resolution: {integrity: sha512-vRmHD1K6DmBymNhoHjQy/aYKTRQNLGOu2/ESasChG9Vy113K6CdP0NlhR0bzgFJfv2eFB9Ez/9L5kIciUajBxQ==}
    hasBin: true
    peerDependencies:
      typescript: '*'
    dependencies:
      '@volar/vue-language-core': 1.0.9
      '@volar/vue-typescript': 1.0.9
      typescript: 4.8.4
    dev: true

  /vue/3.2.45:
    resolution: {integrity: sha512-9Nx/Mg2b2xWlXykmCwiTUCWHbWIj53bnkizBxKai1g61f2Xit700A1ljowpTIM11e3uipOeiPcSqnmBg6gyiaA==}
    dependencies:
      '@vue/compiler-dom': 3.2.45
      '@vue/compiler-sfc': 3.2.45
      '@vue/runtime-dom': 3.2.45
      '@vue/server-renderer': 3.2.45_vue@3.2.45
      '@vue/shared': 3.2.45

  /web-tree-sitter/0.20.5:
    resolution: {integrity: sha512-mpXlqIeEBE5Q71cnBnt8w6XKhIiKmllPECqsIFBtMvzcfCxA8+614iyMJXBCQo95Vs3y1zORLqiLJn25pYZ4Tw==}
    dev: false
    optional: true

  /web-tree-sitter/0.20.7:
    resolution: {integrity: sha512-flC9JJmTII9uAeeYpWF8hxDJ7bfY+leldQryetll8Nv4WgI+MXc6h7TiyAZASWl9uC9TvmfdgOjZn1DAQecb3A==}
    dev: false

  /yaml/2.1.1:
    resolution: {integrity: sha512-o96x3OPo8GjWeSLF+wOAbrPfhFOGY0W00GNaxCDv+9hkcDJEnev1yh8S7pgHF0ik6zc8sQLuL8hjHjJULZp8bw==}
    engines: {node: '>= 14'}
    dev: false

  file:pkg:
    resolution: {directory: pkg, type: directory}
    name: ast-grep-wasm
    version: 0.1.5
    requiresBuild: true
    dependencies:
      web-tree-sitter-wasm-bindgen: github.com/silvanshade/web-tree-sitter-wasm-bindgen/27237af5caa2619841b818b28e710349d91a4280
    dev: false
    optional: true

  github.com/silvanshade/web-tree-sitter-wasm-bindgen/27237af5caa2619841b818b28e710349d91a4280:
    resolution: {tarball: https://codeload.github.com/silvanshade/web-tree-sitter-wasm-bindgen/tar.gz/27237af5caa2619841b818b28e710349d91a4280}
    name: web-tree-sitter-wasm-bindgen
    version: 0.20.5
    dependencies:
      web-tree-sitter: 0.20.5
    dev: false
    optional: true
